
Microsoft Visual Studio Solution File, Format Version 9.00
# Visual Studio 2005
Project("{54435603-DBB4-11D2-8724-00A0C9A8B90C}") = "TicTacToeSetup", "TicTacToeSetup\TicTacToeSetup.vdproj", "{C4BE7DC0-EF02-46C7-BEE4-FDA6A9A36AC1}"
EndProject
Global
	GlobalSection(SolutionConfigurationPlatforms) = preSolution
		Debug|Default = Debug|Default
		Release|Default = Release|Default
	EndGlobalSection
	GlobalSection(ProjectConfigurationPlatforms) = postSolution
		{C4BE7DC0-EF02-46C7-BEE4-FDA6A9A36AC1}.Debug|Default.ActiveCfg = Debug
		{C4BE7DC0-EF02-46C7-BEE4-FDA6A9A36AC1}.Debug|Default.Build.0 = Debug
		{C4BE7DC0-EF02-46C7-BEE4-FDA6A9A36AC1}.Release|Default.ActiveCfg = Release
		{C4BE7DC0-EF02-46C7-BEE4-FDA6A9A36AC1}.Release|Default.Build.0 = Release
	EndGlobalSection
	GlobalSection(SolutionProperties) = preSolution
		HideSolutionNode = FALSE
	EndGlobalSection
EndGlobal
